// !$*UTF8*$!
{
	archiveVersion = 1;
	classes = {
	};
	objectVersion = 46;
	objects = {

/* Begin PBXBuildFile section */
		DC4C1AA81AA7461E00ACD446 /* SSASideMenuExampleTests.swift in Sources */ = {isa = PBXBuildFile; fileRef = DC4C1AA71AA7461E00ACD446 /* SSASideMenuExampleTests.swift */; };
		DC4C1AB81AA7465B00ACD446 /* AppDelegate.swift in Sources */ = {isa = PBXBuildFile; fileRef = DC4C1AB21AA7465B00ACD446 /* AppDelegate.swift */; };
		DC4C1AB91AA7465B00ACD446 /* FirstViewController.swift in Sources */ = {isa = PBXBuildFile; fileRef = DC4C1AB31AA7465B00ACD446 /* FirstViewController.swift */; };
		DC4C1ABA1AA7465B00ACD446 /* Images.xcassets in Resources */ = {isa = PBXBuildFile; fileRef = DC4C1AB41AA7465B00ACD446 /* Images.xcassets */; };
		DC4C1ABB1AA7465B00ACD446 /* LeftMenuViewController.swift in Sources */ = {isa = PBXBuildFile; fileRef = DC4C1AB51AA7465B00ACD446 /* LeftMenuViewController.swift */; };
		DC4C1ABC1AA7465B00ACD446 /* SecondViewController.swift in Sources */ = {isa = PBXBuildFile; fileRef = DC4C1AB61AA7465B00ACD446 /* SecondViewController.swift */; };
		DC69ABD81AAA075F00CD5D7A /* RightMenuViewController.swift in Sources */ = {isa = PBXBuildFile; fileRef = DC69ABD71AAA075F00CD5D7A /* RightMenuViewController.swift */; };
		DC69ABDA1AAA1DED00CD5D7A /* LeftDemo.gif in Resources */ = {isa = PBXBuildFile; fileRef = DC69ABD91AAA1DED00CD5D7A /* LeftDemo.gif */; };
		DC69ABDC1AAA1DF100CD5D7A /* RightDemo.gif in Resources */ = {isa = PBXBuildFile; fileRef = DC69ABDB1AAA1DF100CD5D7A /* RightDemo.gif */; };
		DCA4DF681AACC37D00D7BCC3 /* LICENSE in Resources */ = {isa = PBXBuildFile; fileRef = DCA4DF671AACC37D00D7BCC3 /* LICENSE */; };
		DCC0426A1AA8CDC3008428B0 /* SSASideMenu.swift in Sources */ = {isa = PBXBuildFile; fileRef = DCC042691AA8CDC3008428B0 /* SSASideMenu.swift */; };
/* End PBXBuildFile section */

/* Begin PBXContainerItemProxy section */
		DC4C1AA21AA7461E00ACD446 /* PBXContainerItemProxy */ = {
			isa = PBXContainerItemProxy;
			containerPortal = DC4C1A841AA7461E00ACD446 /* Project object */;
			proxyType = 1;
			remoteGlobalIDString = DC4C1A8B1AA7461E00ACD446;
			remoteInfo = SSASideMenuExample;
		};
/* End PBXContainerItemProxy section */

/* Begin PBXFileReference section */
		DC4C1A8C1AA7461E00ACD446 /* SSASideMenuExample.app */ = {isa = PBXFileReference; explicitFileType = wrapper.application; includeInIndex = 0; path = SSASideMenuExample.app; sourceTree = BUILT_PRODUCTS_DIR; };
		DC4C1AA11AA7461E00ACD446 /* SSASideMenuExampleTests.xctest */ = {isa = PBXFileReference; explicitFileType = wrapper.cfbundle; includeInIndex = 0; path = SSASideMenuExampleTests.xctest; sourceTree = BUILT_PRODUCTS_DIR; };
		DC4C1AA71AA7461E00ACD446 /* SSASideMenuExampleTests.swift */ = {isa = PBXFileReference; lastKnownFileType = sourcecode.swift; path = SSASideMenuExampleTests.swift; sourceTree = "<group>"; };
		DC4C1AB21AA7465B00ACD446 /* AppDelegate.swift */ = {isa = PBXFileReference; fileEncoding = 4; lastKnownFileType = sourcecode.swift; path = AppDelegate.swift; sourceTree = "<group>"; };
		DC4C1AB31AA7465B00ACD446 /* FirstViewController.swift */ = {isa = PBXFileReference; fileEncoding = 4; lastKnownFileType = sourcecode.swift; path = FirstViewController.swift; sourceTree = "<group>"; };
		DC4C1AB41AA7465B00ACD446 /* Images.xcassets */ = {isa = PBXFileReference; lastKnownFileType = folder.assetcatalog; path = Images.xcassets; sourceTree = "<group>"; };
		DC4C1AB51AA7465B00ACD446 /* LeftMenuViewController.swift */ = {isa = PBXFileReference; fileEncoding = 4; lastKnownFileType = sourcecode.swift; path = LeftMenuViewController.swift; sourceTree = "<group>"; };
		DC4C1AB61AA7465B00ACD446 /* SecondViewController.swift */ = {isa = PBXFileReference; fileEncoding = 4; lastKnownFileType = sourcecode.swift; path = SecondViewController.swift; sourceTree = "<group>"; };
		DC69ABD71AAA075F00CD5D7A /* RightMenuViewController.swift */ = {isa = PBXFileReference; fileEncoding = 4; lastKnownFileType = sourcecode.swift; path = RightMenuViewController.swift; sourceTree = "<group>"; };
		DC69ABD91AAA1DED00CD5D7A /* LeftDemo.gif */ = {isa = PBXFileReference; lastKnownFileType = image.gif; path = LeftDemo.gif; sourceTree = "<group>"; };
		DC69ABDB1AAA1DF100CD5D7A /* RightDemo.gif */ = {isa = PBXFileReference; lastKnownFileType = image.gif; path = RightDemo.gif; sourceTree = "<group>"; };
		DCA4DF671AACC37D00D7BCC3 /* LICENSE */ = {isa = PBXFileReference; fileEncoding = 4; lastKnownFileType = text; path = LICENSE; sourceTree = SOURCE_ROOT; };
		DCC042591AA8BE1C008428B0 /* Info.plist */ = {isa = PBXFileReference; fileEncoding = 4; lastKnownFileType = text.plist.xml; path = Info.plist; sourceTree = "<group>"; };
		DCC0425B1AA8BE31008428B0 /* Info.plist */ = {isa = PBXFileReference; fileEncoding = 4; lastKnownFileType = text.plist.xml; path = Info.plist; sourceTree = "<group>"; };
		DCC042691AA8CDC3008428B0 /* SSASideMenu.swift */ = {isa = PBXFileReference; fileEncoding = 4; lastKnownFileType = sourcecode.swift; path = SSASideMenu.swift; sourceTree = "<group>"; };
/* End PBXFileReference section */

/* Begin PBXFrameworksBuildPhase section */
		DC4C1A891AA7461E00ACD446 /* Frameworks */ = {
			isa = PBXFrameworksBuildPhase;
			buildActionMask = 2147483647;
			files = (
			);
			runOnlyForDeploymentPostprocessing = 0;
		};
		DC4C1A9E1AA7461E00ACD446 /* Frameworks */ = {
			isa = PBXFrameworksBuildPhase;
			buildActionMask = 2147483647;
			files = (
			);
			runOnlyForDeploymentPostprocessing = 0;
		};
/* End PBXFrameworksBuildPhase section */

/* Begin PBXGroup section */
		DC4C1A831AA7461E00ACD446 = {
			isa = PBXGroup;
			children = (
				DC4C1A8E1AA7461E00ACD446 /* SSASideMenuExample */,
				DC4C1AA41AA7461E00ACD446 /* SSASideMenuExampleTests */,
				DC4C1A8D1AA7461E00ACD446 /* Products */,
			);
			sourceTree = "<group>";
		};
		DC4C1A8D1AA7461E00ACD446 /* Products */ = {
			isa = PBXGroup;
			children = (
				DC4C1A8C1AA7461E00ACD446 /* SSASideMenuExample.app */,
				DC4C1AA11AA7461E00ACD446 /* SSASideMenuExampleTests.xctest */,
			);
			name = Products;
			sourceTree = "<group>";
		};
		DC4C1A8E1AA7461E00ACD446 /* SSASideMenuExample */ = {
			isa = PBXGroup;
			children = (
				DCC042681AA8CDC3008428B0 /* SSASideMenu */,
				DC4C1AB21AA7465B00ACD446 /* AppDelegate.swift */,
				DC4C1AB31AA7465B00ACD446 /* FirstViewController.swift */,
				DC4C1AB61AA7465B00ACD446 /* SecondViewController.swift */,
				DC4C1AB51AA7465B00ACD446 /* LeftMenuViewController.swift */,
				DC69ABD71AAA075F00CD5D7A /* RightMenuViewController.swift */,
				DC4C1AB41AA7465B00ACD446 /* Images.xcassets */,
				DC69ABD91AAA1DED00CD5D7A /* LeftDemo.gif */,
				DC69ABDB1AAA1DF100CD5D7A /* RightDemo.gif */,
				DCA4DF671AACC37D00D7BCC3 /* LICENSE */,
				DC4C1A8F1AA7461E00ACD446 /* Supporting Files */,
			);
			path = SSASideMenuExample;
			sourceTree = "<group>";
		};
		DC4C1A8F1AA7461E00ACD446 /* Supporting Files */ = {
			isa = PBXGroup;
			children = (
				DCC0425B1AA8BE31008428B0 /* Info.plist */,
			);
			name = "Supporting Files";
			sourceTree = "<group>";
		};
		DC4C1AA41AA7461E00ACD446 /* SSASideMenuExampleTests */ = {
			isa = PBXGroup;
			children = (
				DC4C1AA71AA7461E00ACD446 /* SSASideMenuExampleTests.swift */,
				DC4C1AA51AA7461E00ACD446 /* Supporting Files */,
			);
			path = SSASideMenuExampleTests;
			sourceTree = "<group>";
		};
		DC4C1AA51AA7461E00ACD446 /* Supporting Files */ = {
			isa = PBXGroup;
			children = (
				DCC042591AA8BE1C008428B0 /* Info.plist */,
			);
			name = "Supporting Files";
			sourceTree = "<group>";
		};
		DCC042681AA8CDC3008428B0 /* SSASideMenu */ = {
			isa = PBXGroup;
			children = (
				DCC042691AA8CDC3008428B0 /* SSASideMenu.swift */,
			);
			path = SSASideMenu;
			sourceTree = SOURCE_ROOT;
		};
/* End PBXGroup section */

/* Begin PBXNativeTarget section */
		DC4C1A8B1AA7461E00ACD446 /* SSASideMenuExample */ = {
			isa = PBXNativeTarget;
			buildConfigurationList = DC4C1AAB1AA7461E00ACD446 /* Build configuration list for PBXNativeTarget "SSASideMenuExample" */;
			buildPhases = (
				DC4C1A881AA7461E00ACD446 /* Sources */,
				DC4C1A891AA7461E00ACD446 /* Frameworks */,
				DC4C1A8A1AA7461E00ACD446 /* Resources */,
			);
			buildRules = (
			);
			dependencies = (
			);
			name = SSASideMenuExample;
			productName = SSASideMenuExample;
			productReference = DC4C1A8C1AA7461E00ACD446 /* SSASideMenuExample.app */;
			productType = "com.apple.product-type.application";
		};
		DC4C1AA01AA7461E00ACD446 /* SSASideMenuExampleTests */ = {
			isa = PBXNativeTarget;
			buildConfigurationList = DC4C1AAE1AA7461E00ACD446 /* Build configuration list for PBXNativeTarget "SSASideMenuExampleTests" */;
			buildPhases = (
				DC4C1A9D1AA7461E00ACD446 /* Sources */,
				DC4C1A9E1AA7461E00ACD446 /* Frameworks */,
				DC4C1A9F1AA7461E00ACD446 /* Resources */,
			);
			buildRules = (
			);
			dependencies = (
				DC4C1AA31AA7461E00ACD446 /* PBXTargetDependency */,
			);
			name = SSASideMenuExampleTests;
			productName = SSASideMenuExampleTests;
			productReference = DC4C1AA11AA7461E00ACD446 /* SSASideMenuExampleTests.xctest */;
			productType = "com.apple.product-type.bundle.unit-test";
		};
/* End PBXNativeTarget section */

/* Begin PBXProject section */
		DC4C1A841AA7461E00ACD446 /* Project object */ = {
			isa = PBXProject;
			attributes = {
				LastUpgradeCheck = 0630;
				ORGANIZATIONNAME = SebastianAndersen;
				TargetAttributes = {
					DC4C1A8B1AA7461E00ACD446 = {
						CreatedOnToolsVersion = 6.1.1;
					};
					DC4C1AA01AA7461E00ACD446 = {
						CreatedOnToolsVersion = 6.1.1;
						TestTargetID = DC4C1A8B1AA7461E00ACD446;
					};
				};
			};
			buildConfigurationList = DC4C1A871AA7461E00ACD446 /* Build configuration list for PBXProject "SSASideMenuExample" */;
			compatibilityVersion = "Xcode 3.2";
			developmentRegion = English;
			hasScannedForEncodings = 0;
			knownRegions = (
				en,
				Base,
			);
			mainGroup = DC4C1A831AA7461E00ACD446;
			productRefGroup = DC4C1A8D1AA7461E00ACD446 /* Products */;
			projectDirPath = "";
			projectRoot = "";
			targets = (
				DC4C1A8B1AA7461E00ACD446 /* SSASideMenuExample */,
				DC4C1AA01AA7461E00ACD446 /* SSASideMenuExampleTests */,
			);
		};
/* End PBXProject section */

/* Begin PBXResourcesBuildPhase section */
		DC4C1A8A1AA7461E00ACD446 /* Resources */ = {
			isa = PBXResourcesBuildPhase;
			buildActionMask = 2147483647;
			files = (
				DC69ABDC1AAA1DF100CD5D7A /* RightDemo.gif in Resources */,
				DC4C1ABA1AA7465B00ACD446 /* Images.xcassets in Resources */,
				DC69ABDA1AAA1DED00CD5D7A /* LeftDemo.gif in Resources */,
				DCA4DF681AACC37D00D7BCC3 /* LICENSE in Resources */,
			);
			runOnlyForDeploymentPostprocessing = 0;
		};
		DC4C1A9F1AA7461E00ACD446 /* Resources */ = {
			isa = PBXResourcesBuildPhase;
			buildActionMask = 2147483647;
			files = (
			);
			runOnlyForDeploymentPostprocessing = 0;
		};
/* End PBXResourcesBuildPhase section */

/* Begin PBXSourcesBuildPhase section */
		DC4C1A881AA7461E00ACD446 /* Sources */ = {
			isa = PBXSourcesBuildPhase;
			buildActionMask = 2147483647;
			files = (
				DC4C1AB81AA7465B00ACD446 /* AppDelegate.swift in Sources */,
				DC4C1ABC1AA7465B00ACD446 /* SecondViewController.swift in Sources */,
				DC4C1AB91AA7465B00ACD446 /* FirstViewController.swift in Sources */,
				DCC0426A1AA8CDC3008428B0 /* SSASideMenu.swift in Sources */,
				DC69ABD81AAA075F00CD5D7A /* RightMenuViewController.swift in Sources */,
				DC4C1ABB1AA7465B00ACD446 /* LeftMenuViewController.swift in Sources */,
			);
			runOnlyForDeploymentPostprocessing = 0;
		};
		DC4C1A9D1AA7461E00ACD446 /* Sources */ = {
			isa = PBXSourcesBuildPhase;
			buildActionMask = 2147483647;
			files = (
				DC4C1AA81AA7461E00ACD446 /* SSASideMenuExampleTests.swift in Sources */,
			);
			runOnlyForDeploymentPostprocessing = 0;
		};
/* End PBXSourcesBuildPhase section */

/* Begin PBXTargetDependency section */
		DC4C1AA31AA7461E00ACD446 /* PBXTargetDependency */ = {
			isa = PBXTargetDependency;
			target = DC4C1A8B1AA7461E00ACD446 /* SSASideMenuExample */;
			targetProxy = DC4C1AA21AA7461E00ACD446 /* PBXContainerItemProxy */;
		};
/* End PBXTargetDependency section */

/* Begin XCBuildConfiguration section */
		DC4C1AA91AA7461E00ACD446 /* Debug */ = {
			isa = XCBuildConfiguration;
			buildSettings = {
				ALWAYS_SEARCH_USER_PATHS = NO;
				CLANG_CXX_LANGUAGE_STANDARD = "gnu++0x";
				CLANG_CXX_LIBRARY = "libc++";
				CLANG_ENABLE_MODULES = YES;
				CLANG_ENABLE_OBJC_ARC = YES;
				CLANG_WARN_BOOL_CONVERSION = YES;
				CLANG_WARN_CONSTANT_CONVERSION = YES;
				CLANG_WARN_DIRECT_OBJC_ISA_USAGE = YES_ERROR;
				CLANG_WARN_EMPTY_BODY = YES;
				CLANG_WARN_ENUM_CONVERSION = YES;
				CLANG_WARN_INT_CONVERSION = YES;
				CLANG_WARN_OBJC_ROOT_CLASS = YES_ERROR;
				CLANG_WARN_UNREACHABLE_CODE = YES;
				CLANG_WARN__DUPLICATE_METHOD_MATCH = YES;
				"CODE_SIGN_IDENTITY[sdk=iphoneos*]" = "iPhone Developer";
				COPY_PHASE_STRIP = NO;
				ENABLE_STRICT_OBJC_MSGSEND = YES;
				GCC_C_LANGUAGE_STANDARD = gnu99;
				GCC_DYNAMIC_NO_PIC = NO;
				GCC_OPTIMIZATION_LEVEL = 0;
				GCC_PREPROCESSOR_DEFINITIONS = (
					"DEBUG=1",
					"$(inherited)",
				);
				GCC_SYMBOLS_PRIVATE_EXTERN = NO;
				GCC_WARN_64_TO_32_BIT_CONVERSION = YES;
				GCC_WARN_ABOUT_RETURN_TYPE = YES_ERROR;
				GCC_WARN_UNDECLARED_SELECTOR = YES;
				GCC_WARN_UNINITIALIZED_AUTOS = YES_AGGRESSIVE;
				GCC_WARN_UNUSED_FUNCTION = YES;
				GCC_WARN_UNUSED_VARIABLE = YES;
				IPHONEOS_DEPLOYMENT_TARGET = 8.1;
				MTL_ENABLE_DEBUG_INFO = YES;
				ONLY_ACTIVE_ARCH = YES;
				SDKROOT = iphoneos;
				SWIFT_OPTIMIZATION_LEVEL = "-Onone";
			};
			name = Debug;
		};
		DC4C1AAA1AA7461E00ACD446 /* Release */ = {
			isa = XCBuildConfiguration;
			buildSettings = {
				ALWAYS_SEARCH_USER_PATHS = NO;
				CLANG_CXX_LANGUAGE_STANDARD = "gnu++0x";
				CLANG_CXX_LIBRARY = "libc++";
				CLANG_ENABLE_MODULES = YES;
				CLANG_ENABLE_OBJC_ARC = YES;
				CLANG_WARN_BOOL_CONVERSION = YES;
				CLANG_WARN_CONSTANT_CONVERSION = YES;
				CLANG_WARN_DIRECT_OBJC_ISA_USAGE = YES_ERROR;
				CLANG_WARN_EMPTY_BODY = YES;
				CLANG_WARN_ENUM_CONVERSION = YES;
				CLANG_WARN_INT_CONVERSION = YES;
				CLANG_WARN_OBJC_ROOT_CLASS = YES_ERROR;
				CLANG_WARN_UNREACHABLE_CODE = YES;
				CLANG_WARN__DUPLICATE_METHOD_MATCH = YES;
				"CODE_SIGN_IDENTITY[sdk=iphoneos*]" = "iPhone Developer";
				COPY_PHASE_STRIP = YES;
				ENABLE_NS_ASSERTIONS = NO;
				ENABLE_STRICT_OBJC_MSGSEND = YES;
				GCC_C_LANGUAGE_STANDARD = gnu99;
				GCC_WARN_64_TO_32_BIT_CONVERSION = YES;
				GCC_WARN_ABOUT_RETURN_TYPE = YES_ERROR;
				GCC_WARN_UNDECLARED_SELECTOR = YES;
				GCC_WARN_UNINITIALIZED_AUTOS = YES_AGGRESSIVE;
				GCC_WARN_UNUSED_FUNCTION = YES;
				GCC_WARN_UNUSED_VARIABLE = YES;
				IPHONEOS_DEPLOYMENT_TARGET = 8.1;
				MTL_ENABLE_DEBUG_INFO = NO;
				SDKROOT = iphoneos;
				VALIDATE_PRODUCT = YES;
			};
			name = Release;
		};
		DC4C1AAC1AA7461E00ACD446 /* Debug */ = {
			isa = XCBuildConfiguration;
			buildSettings = {
				ASSETCATALOG_COMPILER_APPICON_NAME = AppIcon;
				ASSETCATALOG_COMPILER_LAUNCHIMAGE_NAME = LaunchImage;
				CLANG_ENABLE_MODULES = YES;
				CODE_SIGN_IDENTITY = "iPhone Developer";
				INFOPLIST_FILE = SSASideMenuExample/Info.plist;
				IPHONEOS_DEPLOYMENT_TARGET = 7.0;
				LD_RUNPATH_SEARCH_PATHS = "$(inherited) @executable_path/Frameworks";
				PRODUCT_NAME = "$(TARGET_NAME)";
				SWIFT_OPTIMIZATION_LEVEL = "-Onone";
			};
			name = Debug;
		};
		DC4C1AAD1AA7461E00ACD446 /* Release */ = {
			isa = XCBuildConfiguration;
			buildSettings = {
				ASSETCATALOG_COMPILER_APPICON_NAME = AppIcon;
				ASSETCATALOG_COMPILER_LAUNCHIMAGE_NAME = LaunchImage;
				CLANG_ENABLE_MODULES = YES;
				CODE_SIGN_IDENTITY = "iPhone Developer";
				INFOPLIST_FILE = SSASideMenuExample/Info.plist;
				IPHONEOS_DEPLOYMENT_TARGET = 7.0;
				LD_RUNPATH_SEARCH_PATHS = "$(inherited) @executable_path/Frameworks";
				PRODUCT_NAME = "$(TARGET_NAME)";
			};
			name = Release;
		};
		DC4C1AAF1AA7461E00ACD446 /* Debug */ = {
			isa = XCBuildConfiguration;
			buildSettings = {
				BUNDLE_LOADER = "$(TEST_HOST)";
				FRAMEWORK_SEARCH_PATHS = (
					"$(SDKROOT)/Developer/Library/Frameworks",
					"$(inherited)",
				);
				GCC_PREPROCESSOR_DEFINITIONS = (
					"DEBUG=1",
					"$(inherited)",
				);
				INFOPLIST_FILE = SSASideMenuExampleTests/Info.plist;
				LD_RUNPATH_SEARCH_PATHS = "$(inherited) @executable_path/Frameworks @loader_path/Frameworks";
				PRODUCT_NAME = "$(TARGET_NAME)";
				TEST_HOST = "$(BUILT_PRODUCTS_DIR)/SSASideMenuExample.app/SSASideMenuExample";
			};
			name = Debug;
		};
		DC4C1AB01AA7461E00ACD446 /* Release */ = {
			isa = XCBuildConfiguration;
			buildSettings = {
				BUNDLE_LOADER = "$(TEST_HOST)";
				FRAMEWORK_SEARCH_PATHS = (
					"$(SDKROOT)/Developer/Library/Frameworks",
					"$(inherited)",
				);
				INFOPLIST_FILE = SSASideMenuExampleTests/Info.plist;
				LD_RUNPATH_SEARCH_PATHS = "$(inherited) @executable_path/Frameworks @loader_path/Frameworks";
				PRODUCT_NAME = "$(TARGET_NAME)";
				TEST_HOST = "$(BUILT_PRODUCTS_DIR)/SSASideMenuExample.app/SSASideMenuExample";
			};
			name = Release;
		};
/* End XCBuildConfiguration section */

/* Begin XCConfigurationList section */
		DC4C1A871AA7461E00ACD446 /* Build configuration list for PBXProject "SSASideMenuExample" */ = {
			isa = XCConfigurationList;
			buildConfigurations = (
				DC4C1AA91AA7461E00ACD446 /* Debug */,
				DC4C1AAA1AA7461E00ACD446 /* Release */,
			);
			defaultConfigurationIsVisible = 0;
			defaultConfigurationName = Release;
		};
		DC4C1AAB1AA7461E00ACD446 /* Build configuration list for PBXNativeTarget "SSASideMenuExample" */ = {
			isa = XCConfigurationList;
			buildConfigurations = (
				DC4C1AAC1AA7461E00ACD446 /* Debug */,
				DC4C1AAD1AA7461E00ACD446 /* Release */,
			);
			defaultConfigurationIsVisible = 0;
			defaultConfigurationName = Release;
		};
		DC4C1AAE1AA7461E00ACD446 /* Build configuration list for PBXNativeTarget "SSASideMenuExampleTests" */ = {
			isa = XCConfigurationList;
			buildConfigurations = (
				DC4C1AAF1AA7461E00ACD446 /* Debug */,
				DC4C1AB01AA7461E00ACD446 /* Release */,
			);
			defaultConfigurationIsVisible = 0;
			defaultConfigurationName = Release;
		};
/* End XCConfigurationList section */
	};
	rootObject = DC4C1A841AA7461E00ACD446 /* Project object */;
}
